
Microsoft Visual Studio Solution File, Format Version 12.00
# Visual Studio Version 17
VisualStudioVersion = 17.1.32421.90
MinimumVisualStudioVersion = 10.0.40219.1
Project("{FAE04EC0-301F-11D3-BF4B-00C04F79EFBC}") = "TestProject", "TestProject\TestProject.csproj", "{0AC793A9-2E06-4F14-8CB0-D05BE9D94A55}"
EndProject
Global
	GlobalSection(SolutionConfigurationPlatforms) = preSolution
		Debug|Any CPU = Debug|Any CPU
		Release|Any CPU = Release|Any CPU
	EndGlobalSection
	GlobalSection(ProjectConfigurationPlatforms) = postSolution
		{0AC793A9-2E06-4F14-8CB0-D05BE9D94A55}.Debug|Any CPU.ActiveCfg = Debug|Any CPU
		{0AC793A9-2E06-4F14-8CB0-D05BE9D94A55}.Debug|Any CPU.Build.0 = Debug|Any CPU
		{0AC793A9-2E06-4F14-8CB0-D05BE9D94A55}.Release|Any CPU.ActiveCfg = Release|Any CPU
		{0AC793A9-2E06-4F14-8CB0-D05BE9D94A55}.Release|Any CPU.Build.0 = Release|Any CPU
	EndGlobalSection
	GlobalSection(SolutionProperties) = preSolution
		HideSolutionNode = FALSE
	EndGlobalSection
	GlobalSection(ExtensibilityGlobals) = postSolution
		SolutionGuid = {C34DBB8D-5B97-489B-BE66-CC815463DEC9}
	EndGlobalSection
EndGlobal
